
Microsoft Visual Studio Solution File, Format Version 12.00
# Visual Studio Version 17
VisualStudioVersion = 17.11.35327.3
MinimumVisualStudioVersion = 10.0.40219.1
Project("{FAE04EC0-301F-11D3-BF4B-00C04F79EFBC}") = "BookingApi", "BookingApi\BookingApi.csproj", "{3BFF817A-75E1-4913-A3EB-756C2F2C2EDB}"
EndProject
Project("{FAE04EC0-301F-11D3-BF4B-00C04F79EFBC}") = "Infrastructure", "Infrastructure\Infrastructure.csproj", "{792A26A0-CA33-4241-9510-6F5461384D6D}"
EndProject
Global
	GlobalSection(SolutionConfigurationPlatforms) = preSolution
		Debug|Any CPU = Debug|Any CPU
		Release|Any CPU = Release|Any CPU
	EndGlobalSection
	GlobalSection(ProjectConfigurationPlatforms) = postSolution
		{3BFF817A-75E1-4913-A3EB-756C2F2C2EDB}.Debug|Any CPU.ActiveCfg = Debug|Any CPU
		{3BFF817A-75E1-4913-A3EB-756C2F2C2EDB}.Debug|Any CPU.Build.0 = Debug|Any CPU
		{3BFF817A-75E1-4913-A3EB-756C2F2C2EDB}.Release|Any CPU.ActiveCfg = Release|Any CPU
		{3BFF817A-75E1-4913-A3EB-756C2F2C2EDB}.Release|Any CPU.Build.0 = Release|Any CPU
		{792A26A0-CA33-4241-9510-6F5461384D6D}.Debug|Any CPU.ActiveCfg = Debug|Any CPU
		{792A26A0-CA33-4241-9510-6F5461384D6D}.Debug|Any CPU.Build.0 = Debug|Any CPU
		{792A26A0-CA33-4241-9510-6F5461384D6D}.Release|Any CPU.ActiveCfg = Release|Any CPU
		{792A26A0-CA33-4241-9510-6F5461384D6D}.Release|Any CPU.Build.0 = Release|Any CPU
	EndGlobalSection
	GlobalSection(SolutionProperties) = preSolution
		HideSolutionNode = FALSE
	EndGlobalSection
	GlobalSection(ExtensibilityGlobals) = postSolution
		SolutionGuid = {43510E8E-EADA-44BE-955B-14D6FD097CE1}
	EndGlobalSection
EndGlobal
